
Microsoft Visual Studio Solution File, Format Version 12.00
# Visual Studio 15
VisualStudioVersion = 15.0.28307.168
MinimumVisualStudioVersion = 10.0.40219.1
Project("{FAE04EC0-301F-11D3-BF4B-00C04F79EFBC}") = "SupportExercises.Android", "SupportExercises\SupportExercises.Android\SupportExercises.Android.csproj", "{6E7C9A5A-6FDF-4F0C-8EBE-642CD1ED7EF7}"
EndProject
Project("{FAE04EC0-301F-11D3-BF4B-00C04F79EFBC}") = "SupportExercises.iOS", "SupportExercises\SupportExercises.iOS\SupportExercises.iOS.csproj", "{058DF58F-CD52-48DF-878E-DC668A14B568}"
EndProject
Project("{FAE04EC0-301F-11D3-BF4B-00C04F79EFBC}") = "SupportExercises.UWP", "SupportExercises\SupportExercises.UWP\SupportExercises.UWP.csproj", "{05EB916B-584E-42B7-B638-574B7C9D6588}"
EndProject
Project("{FAE04EC0-301F-11D3-BF4B-00C04F79EFBC}") = "SupportExercises", "SupportExercises\SupportExercises\SupportExercises.csproj", "{140DF51B-D57A-4C94-87C5-B6509B97482E}"
EndProject
Global
	GlobalSection(SolutionConfigurationPlatforms) = preSolution
		Ad-Hoc|Any CPU = Ad-Hoc|Any CPU
		Ad-Hoc|ARM = Ad-Hoc|ARM
		Ad-Hoc|iPhone = Ad-Hoc|iPhone
		Ad-Hoc|iPhoneSimulator = Ad-Hoc|iPhoneSimulator
		Ad-Hoc|x64 = Ad-Hoc|x64
		Ad-Hoc|x86 = Ad-Hoc|x86
		AppStore|Any CPU = AppStore|Any CPU
		AppStore|ARM = AppStore|ARM
		AppStore|iPhone = AppStore|iPhone
		AppStore|iPhoneSimulator = AppStore|iPhoneSimulator
		AppStore|x64 = AppStore|x64
		AppStore|x86 = AppStore|x86
		Debug|Any CPU = Debug|Any CPU
		Debug|ARM = Debug|ARM
		Debug|iPhone = Debug|iPhone
		Debug|iPhoneSimulator = Debug|iPhoneSimulator
		Debug|x64 = Debug|x64
		Debug|x86 = Debug|x86
		Release|Any CPU = Release|Any CPU
		Release|ARM = Release|ARM
		Release|iPhone = Release|iPhone
		Release|iPhoneSimulator = Release|iPhoneSimulator
		Release|x64 = Release|x64
		Release|x86 = Release|x86
	EndGlobalSection
	GlobalSection(ProjectConfigurationPlatforms) = postSolution
		{6E7C9A5A-6FDF-4F0C-8EBE-642CD1ED7EF7}.Ad-Hoc|Any CPU.ActiveCfg = Release|Any CPU
		{6E7C9A5A-6FDF-4F0C-8EBE-642CD1ED7EF7}.Ad-Hoc|Any CPU.Build.0 = Release|Any CPU
		{6E7C9A5A-6FDF-4F0C-8EBE-642CD1ED7EF7}.Ad-Hoc|Any CPU.Deploy.0 = Release|Any CPU
		{6E7C9A5A-6FDF-4F0C-8EBE-642CD1ED7EF7}.Ad-Hoc|ARM.ActiveCfg = Release|Any CPU
		{6E7C9A5A-6FDF-4F0C-8EBE-642CD1ED7EF7}.Ad-Hoc|ARM.Build.0 = Release|Any CPU
		{6E7C9A5A-6FDF-4F0C-8EBE-642CD1ED7EF7}.Ad-Hoc|ARM.Deploy.0 = Release|Any CPU
		{6E7C9A5A-6FDF-4F0C-8EBE-642CD1ED7EF7}.Ad-Hoc|iPhone.ActiveCfg = Release|Any CPU
		{6E7C9A5A-6FDF-4F0C-8EBE-642CD1ED7EF7}.Ad-Hoc|iPhone.Build.0 = Release|Any CPU
		{6E7C9A5A-6FDF-4F0C-8EBE-642CD1ED7EF7}.Ad-Hoc|iPhone.Deploy.0 = Release|Any CPU
		{6E7C9A5A-6FDF-4F0C-8EBE-642CD1ED7EF7}.Ad-Hoc|iPhoneSimulator.ActiveCfg = Release|Any CPU
		{6E7C9A5A-6FDF-4F0C-8EBE-642CD1ED7EF7}.Ad-Hoc|iPhoneSimulator.Build.0 = Release|Any CPU
		{6E7C9A5A-6FDF-4F0C-8EBE-642CD1ED7EF7}.Ad-Hoc|iPhoneSimulator.Deploy.0 = Release|Any CPU
		{6E7C9A5A-6FDF-4F0C-8EBE-642CD1ED7EF7}.Ad-Hoc|x64.ActiveCfg = Release|Any CPU
		{6E7C9A5A-6FDF-4F0C-8EBE-642CD1ED7EF7}.Ad-Hoc|x64.Build.0 = Release|Any CPU
		{6E7C9A5A-6FDF-4F0C-8EBE-642CD1ED7EF7}.Ad-Hoc|x64.Deploy.0 = Release|Any CPU
		{6E7C9A5A-6FDF-4F0C-8EBE-642CD1ED7EF7}.Ad-Hoc|x86.ActiveCfg = Release|Any CPU
		{6E7C9A5A-6FDF-4F0C-8EBE-642CD1ED7EF7}.Ad-Hoc|x86.Build.0 = Release|Any CPU
		{6E7C9A5A-6FDF-4F0C-8EBE-642CD1ED7EF7}.Ad-Hoc|x86.Deploy.0 = Release|Any CPU
		{6E7C9A5A-6FDF-4F0C-8EBE-642CD1ED7EF7}.AppStore|Any CPU.ActiveCfg = Release|Any CPU
		{6E7C9A5A-6FDF-4F0C-8EBE-642CD1ED7EF7}.AppStore|Any CPU.Build.0 = Release|Any CPU
		{6E7C9A5A-6FDF-4F0C-8EBE-642CD1ED7EF7}.AppStore|Any CPU.Deploy.0 = Release|Any CPU
		{6E7C9A5A-6FDF-4F0C-8EBE-642CD1ED7EF7}.AppStore|ARM.ActiveCfg = Release|Any CPU
		{6E7C9A5A-6FDF-4F0C-8EBE-642CD1ED7EF7}.AppStore|ARM.Build.0 = Release|Any CPU
		{6E7C9A5A-6FDF-4F0C-8EBE-642CD1ED7EF7}.AppStore|ARM.Deploy.0 = Release|Any CPU
		{6E7C9A5A-6FDF-4F0C-8EBE-642CD1ED7EF7}.AppStore|iPhone.ActiveCfg = Release|Any CPU
		{6E7C9A5A-6FDF-4F0C-8EBE-642CD1ED7EF7}.AppStore|iPhone.Build.0 = Release|Any CPU
		{6E7C9A5A-6FDF-4F0C-8EBE-642CD1ED7EF7}.AppStore|iPhone.Deploy.0 = Release|Any CPU
		{6E7C9A5A-6FDF-4F0C-8EBE-642CD1ED7EF7}.AppStore|iPhoneSimulator.ActiveCfg = Release|Any CPU
		{6E7C9A5A-6FDF-4F0C-8EBE-642CD1ED7EF7}.AppStore|iPhoneSimulator.Build.0 = Release|Any CPU
		{6E7C9A5A-6FDF-4F0C-8EBE-642CD1ED7EF7}.AppStore|iPhoneSimulator.Deploy.0 = Release|Any CPU
		{6E7C9A5A-6FDF-4F0C-8EBE-642CD1ED7EF7}.AppStore|x64.ActiveCfg = Release|Any CPU
		{6E7C9A5A-6FDF-4F0C-8EBE-642CD1ED7EF7}.AppStore|x64.Build.0 = Release|Any CPU
		{6E7C9A5A-6FDF-4F0C-8EBE-642CD1ED7EF7}.AppStore|x64.Deploy.0 = Release|Any CPU
		{6E7C9A5A-6FDF-4F0C-8EBE-642CD1ED7EF7}.AppStore|x86.ActiveCfg = Release|Any CPU
		{6E7C9A5A-6FDF-4F0C-8EBE-642CD1ED7EF7}.AppStore|x86.Build.0 = Release|Any CPU
		{6E7C9A5A-6FDF-4F0C-8EBE-642CD1ED7EF7}.AppStore|x86.Deploy.0 = Release|Any CPU
		{6E7C9A5A-6FDF-4F0C-8EBE-642CD1ED7EF7}.Debug|Any CPU.ActiveCfg = Debug|Any CPU
		{6E7C9A5A-6FDF-4F0C-8EBE-642CD1ED7EF7}.Debug|Any CPU.Build.0 = Debug|Any CPU
		{6E7C9A5A-6FDF-4F0C-8EBE-642CD1ED7EF7}.Debug|Any CPU.Deploy.0 = Debug|Any CPU
		{6E7C9A5A-6FDF-4F0C-8EBE-642CD1ED7EF7}.Debug|ARM.ActiveCfg = Debug|Any CPU
		{6E7C9A5A-6FDF-4F0C-8EBE-642CD1ED7EF7}.Debug|ARM.Build.0 = Debug|Any CPU
		{6E7C9A5A-6FDF-4F0C-8EBE-642CD1ED7EF7}.Debug|ARM.Deploy.0 = Debug|Any CPU
		{6E7C9A5A-6FDF-4F0C-8EBE-642CD1ED7EF7}.Debug|iPhone.ActiveCfg = Debug|Any CPU
		{6E7C9A5A-6FDF-4F0C-8EBE-642CD1ED7EF7}.Debug|iPhone.Build.0 = Debug|Any CPU
		{6E7C9A5A-6FDF-4F0C-8EBE-642CD1ED7EF7}.Debug|iPhone.Deploy.0 = Debug|Any CPU
		{6E7C9A5A-6FDF-4F0C-8EBE-642CD1ED7EF7}.Debug|iPhoneSimulator.ActiveCfg = Debug|Any CPU
		{6E7C9A5A-6FDF-4F0C-8EBE-642CD1ED7EF7}.Debug|iPhoneSimulator.Build.0 = Debug|Any CPU
		{6E7C9A5A-6FDF-4F0C-8EBE-642CD1ED7EF7}.Debug|iPhoneSimulator.Deploy.0 = Debug|Any CPU
		{6E7C9A5A-6FDF-4F0C-8EBE-642CD1ED7EF7}.Debug|x64.ActiveCfg = Debug|Any CPU
		{6E7C9A5A-6FDF-4F0C-8EBE-642CD1ED7EF7}.Debug|x64.Build.0 = Debug|Any CPU
		{6E7C9A5A-6FDF-4F0C-8EBE-642CD1ED7EF7}.Debug|x64.Deploy.0 = Debug|Any CPU
		{6E7C9A5A-6FDF-4F0C-8EBE-642CD1ED7EF7}.Debug|x86.ActiveCfg = Debug|Any CPU
		{6E7C9A5A-6FDF-4F0C-8EBE-642CD1ED7EF7}.Debug|x86.Build.0 = Debug|Any CPU
		{6E7C9A5A-6FDF-4F0C-8EBE-642CD1ED7EF7}.Debug|x86.Deploy.0 = Debug|Any CPU
		{6E7C9A5A-6FDF-4F0C-8EBE-642CD1ED7EF7}.Release|Any CPU.ActiveCfg = Release|Any CPU
		{6E7C9A5A-6FDF-4F0C-8EBE-642CD1ED7EF7}.Release|Any CPU.Build.0 = Release|Any CPU
		{6E7C9A5A-6FDF-4F0C-8EBE-642CD1ED7EF7}.Release|Any CPU.Deploy.0 = Release|Any CPU
		{6E7C9A5A-6FDF-4F0C-8EBE-642CD1ED7EF7}.Release|ARM.ActiveCfg = Release|Any CPU
		{6E7C9A5A-6FDF-4F0C-8EBE-642CD1ED7EF7}.Release|ARM.Build.0 = Release|Any CPU
		{6E7C9A5A-6FDF-4F0C-8EBE-642CD1ED7EF7}.Release|ARM.Deploy.0 = Release|Any CPU
		{6E7C9A5A-6FDF-4F0C-8EBE-642CD1ED7EF7}.Release|iPhone.ActiveCfg = Release|Any CPU
		{6E7C9A5A-6FDF-4F0C-8EBE-642CD1ED7EF7}.Release|iPhone.Build.0 = Release|Any CPU
		{6E7C9A5A-6FDF-4F0C-8EBE-642CD1ED7EF7}.Release|iPhone.Deploy.0 = Release|Any CPU
		{6E7C9A5A-6FDF-4F0C-8EBE-642CD1ED7EF7}.Release|iPhoneSimulator.ActiveCfg = Release|Any CPU
		{6E7C9A5A-6FDF-4F0C-8EBE-642CD1ED7EF7}.Release|iPhoneSimulator.Build.0 = Release|Any CPU
		{6E7C9A5A-6FDF-4F0C-8EBE-642CD1ED7EF7}.Release|iPhoneSimulator.Deploy.0 = Release|Any CPU
		{6E7C9A5A-6FDF-4F0C-8EBE-642CD1ED7EF7}.Release|x64.ActiveCfg = Release|Any CPU
		{6E7C9A5A-6FDF-4F0C-8EBE-642CD1ED7EF7}.Release|x64.Build.0 = Release|Any CPU
		{6E7C9A5A-6FDF-4F0C-8EBE-642CD1ED7EF7}.Release|x64.Deploy.0 = Release|Any CPU
		{6E7C9A5A-6FDF-4F0C-8EBE-642CD1ED7EF7}.Release|x86.ActiveCfg = Release|Any CPU
		{6E7C9A5A-6FDF-4F0C-8EBE-642CD1ED7EF7}.Release|x86.Build.0 = Release|Any CPU
		{6E7C9A5A-6FDF-4F0C-8EBE-642CD1ED7EF7}.Release|x86.Deploy.0 = Release|Any CPU
		{058DF58F-CD52-48DF-878E-DC668A14B568}.Ad-Hoc|Any CPU.ActiveCfg = Ad-Hoc|iPhone
		{058DF58F-CD52-48DF-878E-DC668A14B568}.Ad-Hoc|ARM.ActiveCfg = Ad-Hoc|iPhone
		{058DF58F-CD52-48DF-878E-DC668A14B568}.Ad-Hoc|iPhone.ActiveCfg = Ad-Hoc|iPhone
		{058DF58F-CD52-48DF-878E-DC668A14B568}.Ad-Hoc|iPhone.Build.0 = Ad-Hoc|iPhone
		{058DF58F-CD52-48DF-878E-DC668A14B568}.Ad-Hoc|iPhoneSimulator.ActiveCfg = Ad-Hoc|iPhoneSimulator
		{058DF58F-CD52-48DF-878E-DC668A14B568}.Ad-Hoc|iPhoneSimulator.Build.0 = Ad-Hoc|iPhoneSimulator
		{058DF58F-CD52-48DF-878E-DC668A14B568}.Ad-Hoc|x64.ActiveCfg = Ad-Hoc|iPhone
		{058DF58F-CD52-48DF-878E-DC668A14B568}.Ad-Hoc|x86.ActiveCfg = Ad-Hoc|iPhone
		{058DF58F-CD52-48DF-878E-DC668A14B568}.AppStore|Any CPU.ActiveCfg = AppStore|iPhone
		{058DF58F-CD52-48DF-878E-DC668A14B568}.AppStore|ARM.ActiveCfg = AppStore|iPhone
		{058DF58F-CD52-48DF-878E-DC668A14B568}.AppStore|iPhone.ActiveCfg = AppStore|iPhone
		{058DF58F-CD52-48DF-878E-DC668A14B568}.AppStore|iPhone.Build.0 = AppStore|iPhone
		{058DF58F-CD52-48DF-878E-DC668A14B568}.AppStore|iPhoneSimulator.ActiveCfg = AppStore|iPhoneSimulator
		{058DF58F-CD52-48DF-878E-DC668A14B568}.AppStore|iPhoneSimulator.Build.0 = AppStore|iPhoneSimulator
		{058DF58F-CD52-48DF-878E-DC668A14B568}.AppStore|x64.ActiveCfg = AppStore|iPhone
		{058DF58F-CD52-48DF-878E-DC668A14B568}.AppStore|x86.ActiveCfg = AppStore|iPhone
		{058DF58F-CD52-48DF-878E-DC668A14B568}.Debug|Any CPU.ActiveCfg = Debug|iPhone
		{058DF58F-CD52-48DF-878E-DC668A14B568}.Debug|ARM.ActiveCfg = Debug|iPhone
		{058DF58F-CD52-48DF-878E-DC668A14B568}.Debug|iPhone.ActiveCfg = Debug|iPhone
		{058DF58F-CD52-48DF-878E-DC668A14B568}.Debug|iPhone.Build.0 = Debug|iPhone
		{058DF58F-CD52-48DF-878E-DC668A14B568}.Debug|iPhoneSimulator.ActiveCfg = Debug|iPhoneSimulator
		{058DF58F-CD52-48DF-878E-DC668A14B568}.Debug|iPhoneSimulator.Build.0 = Debug|iPhoneSimulator
		{058DF58F-CD52-48DF-878E-DC668A14B568}.Debug|x64.ActiveCfg = Debug|iPhone
		{058DF58F-CD52-48DF-878E-DC668A14B568}.Debug|x86.ActiveCfg = Debug|iPhone
		{058DF58F-CD52-48DF-878E-DC668A14B568}.Release|Any CPU.ActiveCfg = Release|iPhone
		{058DF58F-CD52-48DF-878E-DC668A14B568}.Release|ARM.ActiveCfg = Release|iPhone
		{058DF58F-CD52-48DF-878E-DC668A14B568}.Release|iPhone.ActiveCfg = Release|iPhone
		{058DF58F-CD52-48DF-878E-DC668A14B568}.Release|iPhone.Build.0 = Release|iPhone
		{058DF58F-CD52-48DF-878E-DC668A14B568}.Release|iPhoneSimulator.ActiveCfg = Release|iPhoneSimulator
		{058DF58F-CD52-48DF-878E-DC668A14B568}.Release|iPhoneSimulator.Build.0 = Release|iPhoneSimulator
		{058DF58F-CD52-48DF-878E-DC668A14B568}.Release|x64.ActiveCfg = Release|iPhone
		{058DF58F-CD52-48DF-878E-DC668A14B568}.Release|x86.ActiveCfg = Release|iPhone
		{05EB916B-584E-42B7-B638-574B7C9D6588}.Ad-Hoc|Any CPU.ActiveCfg = Release|x86
		{05EB916B-584E-42B7-B638-574B7C9D6588}.Ad-Hoc|Any CPU.Build.0 = Release|x86
		{05EB916B-584E-42B7-B638-574B7C9D6588}.Ad-Hoc|Any CPU.Deploy.0 = Release|x86
		{05EB916B-584E-42B7-B638-574B7C9D6588}.Ad-Hoc|ARM.ActiveCfg = Release|ARM
		{05EB916B-584E-42B7-B638-574B7C9D6588}.Ad-Hoc|ARM.Build.0 = Release|ARM
		{05EB916B-584E-42B7-B638-574B7C9D6588}.Ad-Hoc|ARM.Deploy.0 = Release|ARM
		{05EB916B-584E-42B7-B638-574B7C9D6588}.Ad-Hoc|iPhone.ActiveCfg = Release|x86
		{05EB916B-584E-42B7-B638-574B7C9D6588}.Ad-Hoc|iPhone.Build.0 = Release|x86
		{05EB916B-584E-42B7-B638-574B7C9D6588}.Ad-Hoc|iPhone.Deploy.0 = Release|x86
		{05EB916B-584E-42B7-B638-574B7C9D6588}.Ad-Hoc|iPhoneSimulator.ActiveCfg = Release|x86
		{05EB916B-584E-42B7-B638-574B7C9D6588}.Ad-Hoc|iPhoneSimulator.Build.0 = Release|x86
		{05EB916B-584E-42B7-B638-574B7C9D6588}.Ad-Hoc|iPhoneSimulator.Deploy.0 = Release|x86
		{05EB916B-584E-42B7-B638-574B7C9D6588}.Ad-Hoc|x64.ActiveCfg = Release|x64
		{05EB916B-584E-42B7-B638-574B7C9D6588}.Ad-Hoc|x64.Build.0 = Release|x64
		{05EB916B-584E-42B7-B638-574B7C9D6588}.Ad-Hoc|x64.Deploy.0 = Release|x64
		{05EB916B-584E-42B7-B638-574B7C9D6588}.Ad-Hoc|x86.ActiveCfg = Release|x86
		{05EB916B-584E-42B7-B638-574B7C9D6588}.Ad-Hoc|x86.Build.0 = Release|x86
		{05EB916B-584E-42B7-B638-574B7C9D6588}.Ad-Hoc|x86.Deploy.0 = Release|x86
		{05EB916B-584E-42B7-B638-574B7C9D6588}.AppStore|Any CPU.ActiveCfg = Release|x86
		{05EB916B-584E-42B7-B638-574B7C9D6588}.AppStore|Any CPU.Build.0 = Release|x86
		{05EB916B-584E-42B7-B638-574B7C9D6588}.AppStore|Any CPU.Deploy.0 = Release|x86
		{05EB916B-584E-42B7-B638-574B7C9D6588}.AppStore|ARM.ActiveCfg = Release|ARM
		{05EB916B-584E-42B7-B638-574B7C9D6588}.AppStore|ARM.Build.0 = Release|ARM
		{05EB916B-584E-42B7-B638-574B7C9D6588}.AppStore|ARM.Deploy.0 = Release|ARM
		{05EB916B-584E-42B7-B638-574B7C9D6588}.AppStore|iPhone.ActiveCfg = Release|x86
		{05EB916B-584E-42B7-B638-574B7C9D6588}.AppStore|iPhone.Build.0 = Release|x86
		{05EB916B-584E-42B7-B638-574B7C9D6588}.AppStore|iPhone.Deploy.0 = Release|x86
		{05EB916B-584E-42B7-B638-574B7C9D6588}.AppStore|iPhoneSimulator.ActiveCfg = Release|x86
		{05EB916B-584E-42B7-B638-574B7C9D6588}.AppStore|iPhoneSimulator.Build.0 = Release|x86
		{05EB916B-584E-42B7-B638-574B7C9D6588}.AppStore|iPhoneSimulator.Deploy.0 = Release|x86
		{05EB916B-584E-42B7-B638-574B7C9D6588}.AppStore|x64.ActiveCfg = Release|x64
		{05EB916B-584E-42B7-B638-574B7C9D6588}.AppStore|x64.Build.0 = Release|x64
		{05EB916B-584E-42B7-B638-574B7C9D6588}.AppStore|x64.Deploy.0 = Release|x64
		{05EB916B-584E-42B7-B638-574B7C9D6588}.AppStore|x86.ActiveCfg = Release|x86
		{05EB916B-584E-42B7-B638-574B7C9D6588}.AppStore|x86.Build.0 = Release|x86
		{05EB916B-584E-42B7-B638-574B7C9D6588}.AppStore|x86.Deploy.0 = Release|x86
		{05EB916B-584E-42B7-B638-574B7C9D6588}.Debug|Any CPU.ActiveCfg = Debug|x86
		{05EB916B-584E-42B7-B638-574B7C9D6588}.Debug|ARM.ActiveCfg = Debug|ARM
		{05EB916B-584E-42B7-B638-574B7C9D6588}.Debug|ARM.Build.0 = Debug|ARM
		{05EB916B-584E-42B7-B638-574B7C9D6588}.Debug|ARM.Deploy.0 = Debug|ARM
		{05EB916B-584E-42B7-B638-574B7C9D6588}.Debug|iPhone.ActiveCfg = Debug|x86
		{05EB916B-584E-42B7-B638-574B7C9D6588}.Debug|iPhoneSimulator.ActiveCfg = Debug|x86
		{05EB916B-584E-42B7-B638-574B7C9D6588}.Debug|x64.ActiveCfg = Debug|x64
		{05EB916B-584E-42B7-B638-574B7C9D6588}.Debug|x64.Build.0 = Debug|x64
		{05EB916B-584E-42B7-B638-574B7C9D6588}.Debug|x64.Deploy.0 = Debug|x64
		{05EB916B-584E-42B7-B638-574B7C9D6588}.Debug|x86.ActiveCfg = Debug|x86
		{05EB916B-584E-42B7-B638-574B7C9D6588}.Debug|x86.Build.0 = Debug|x86
		{05EB916B-584E-42B7-B638-574B7C9D6588}.Debug|x86.Deploy.0 = Debug|x86
		{05EB916B-584E-42B7-B638-574B7C9D6588}.Release|Any CPU.ActiveCfg = Release|x86
		{05EB916B-584E-42B7-B638-574B7C9D6588}.Release|ARM.ActiveCfg = Release|ARM
		{05EB916B-584E-42B7-B638-574B7C9D6588}.Release|ARM.Build.0 = Release|ARM
		{05EB916B-584E-42B7-B638-574B7C9D6588}.Release|ARM.Deploy.0 = Release|ARM
		{05EB916B-584E-42B7-B638-574B7C9D6588}.Release|iPhone.ActiveCfg = Release|x86
		{05EB916B-584E-42B7-B638-574B7C9D6588}.Release|iPhoneSimulator.ActiveCfg = Release|x86
		{05EB916B-584E-42B7-B638-574B7C9D6588}.Release|x64.ActiveCfg = Release|x64
		{05EB916B-584E-42B7-B638-574B7C9D6588}.Release|x64.Build.0 = Release|x64
		{05EB916B-584E-42B7-B638-574B7C9D6588}.Release|x64.Deploy.0 = Release|x64
		{05EB916B-584E-42B7-B638-574B7C9D6588}.Release|x86.ActiveCfg = Release|x86
		{05EB916B-584E-42B7-B638-574B7C9D6588}.Release|x86.Build.0 = Release|x86
		{05EB916B-584E-42B7-B638-574B7C9D6588}.Release|x86.Deploy.0 = Release|x86
		{140DF51B-D57A-4C94-87C5-B6509B97482E}.Ad-Hoc|Any CPU.ActiveCfg = Debug|Any CPU
		{140DF51B-D57A-4C94-87C5-B6509B97482E}.Ad-Hoc|Any CPU.Build.0 = Debug|Any CPU
		{140DF51B-D57A-4C94-87C5-B6509B97482E}.Ad-Hoc|ARM.ActiveCfg = Debug|Any CPU
		{140DF51B-D57A-4C94-87C5-B6509B97482E}.Ad-Hoc|ARM.Build.0 = Debug|Any CPU
		{140DF51B-D57A-4C94-87C5-B6509B97482E}.Ad-Hoc|iPhone.ActiveCfg = Debug|Any CPU
		{140DF51B-D57A-4C94-87C5-B6509B97482E}.Ad-Hoc|iPhone.Build.0 = Debug|Any CPU
		{140DF51B-D57A-4C94-87C5-B6509B97482E}.Ad-Hoc|iPhoneSimulator.ActiveCfg = Debug|Any CPU
		{140DF51B-D57A-4C94-87C5-B6509B97482E}.Ad-Hoc|iPhoneSimulator.Build.0 = Debug|Any CPU
		{140DF51B-D57A-4C94-87C5-B6509B97482E}.Ad-Hoc|x64.ActiveCfg = Debug|Any CPU
		{140DF51B-D57A-4C94-87C5-B6509B97482E}.Ad-Hoc|x64.Build.0 = Debug|Any CPU
		{140DF51B-D57A-4C94-87C5-B6509B97482E}.Ad-Hoc|x86.ActiveCfg = Debug|Any CPU
		{140DF51B-D57A-4C94-87C5-B6509B97482E}.Ad-Hoc|x86.Build.0 = Debug|Any CPU
		{140DF51B-D57A-4C94-87C5-B6509B97482E}.AppStore|Any CPU.ActiveCfg = Debug|Any CPU
		{140DF51B-D57A-4C94-87C5-B6509B97482E}.AppStore|Any CPU.Build.0 = Debug|Any CPU
		{140DF51B-D57A-4C94-87C5-B6509B97482E}.AppStore|ARM.ActiveCfg = Debug|Any CPU
		{140DF51B-D57A-4C94-87C5-B6509B97482E}.AppStore|ARM.Build.0 = Debug|Any CPU
		{140DF51B-D57A-4C94-87C5-B6509B97482E}.AppStore|iPhone.ActiveCfg = Debug|Any CPU
		{140DF51B-D57A-4C94-87C5-B6509B97482E}.AppStore|iPhone.Build.0 = Debug|Any CPU
		{140DF51B-D57A-4C94-87C5-B6509B97482E}.AppStore|iPhoneSimulator.ActiveCfg = Debug|Any CPU
		{140DF51B-D57A-4C94-87C5-B6509B97482E}.AppStore|iPhoneSimulator.Build.0 = Debug|Any CPU
		{140DF51B-D57A-4C94-87C5-B6509B97482E}.AppStore|x64.ActiveCfg = Debug|Any CPU
		{140DF51B-D57A-4C94-87C5-B6509B97482E}.AppStore|x64.Build.0 = Debug|Any CPU
		{140DF51B-D57A-4C94-87C5-B6509B97482E}.AppStore|x86.ActiveCfg = Debug|Any CPU
		{140DF51B-D57A-4C94-87C5-B6509B97482E}.AppStore|x86.Build.0 = Debug|Any CPU
		{140DF51B-D57A-4C94-87C5-B6509B97482E}.Debug|Any CPU.ActiveCfg = Debug|Any CPU
		{140DF51B-D57A-4C94-87C5-B6509B97482E}.Debug|Any CPU.Build.0 = Debug|Any CPU
		{140DF51B-D57A-4C94-87C5-B6509B97482E}.Debug|ARM.ActiveCfg = Debug|Any CPU
		{140DF51B-D57A-4C94-87C5-B6509B97482E}.Debug|ARM.Build.0 = Debug|Any CPU
		{140DF51B-D57A-4C94-87C5-B6509B97482E}.Debug|iPhone.ActiveCfg = Debug|Any CPU
		{140DF51B-D57A-4C94-87C5-B6509B97482E}.Debug|iPhone.Build.0 = Debug|Any CPU
		{140DF51B-D57A-4C94-87C5-B6509B97482E}.Debug|iPhoneSimulator.ActiveCfg = Debug|Any CPU
		{140DF51B-D57A-4C94-87C5-B6509B97482E}.Debug|iPhoneSimulator.Build.0 = Debug|Any CPU
		{140DF51B-D57A-4C94-87C5-B6509B97482E}.Debug|x64.ActiveCfg = Debug|Any CPU
		{140DF51B-D57A-4C94-87C5-B6509B97482E}.Debug|x64.Build.0 = Debug|Any CPU
		{140DF51B-D57A-4C94-87C5-B6509B97482E}.Debug|x86.ActiveCfg = Debug|Any CPU
		{140DF51B-D57A-4C94-87C5-B6509B97482E}.Debug|x86.Build.0 = Debug|Any CPU
		{140DF51B-D57A-4C94-87C5-B6509B97482E}.Release|Any CPU.ActiveCfg = Release|Any CPU
		{140DF51B-D57A-4C94-87C5-B6509B97482E}.Release|Any CPU.Build.0 = Release|Any CPU
		{140DF51B-D57A-4C94-87C5-B6509B97482E}.Release|ARM.ActiveCfg = Release|Any CPU
		{140DF51B-D57A-4C94-87C5-B6509B97482E}.Release|ARM.Build.0 = Release|Any CPU
		{140DF51B-D57A-4C94-87C5-B6509B97482E}.Release|iPhone.ActiveCfg = Release|Any CPU
		{140DF51B-D57A-4C94-87C5-B6509B97482E}.Release|iPhone.Build.0 = Release|Any CPU
		{140DF51B-D57A-4C94-87C5-B6509B97482E}.Release|iPhoneSimulator.ActiveCfg = Release|Any CPU
		{140DF51B-D57A-4C94-87C5-B6509B97482E}.Release|iPhoneSimulator.Build.0 = Release|Any CPU
		{140DF51B-D57A-4C94-87C5-B6509B97482E}.Release|x64.ActiveCfg = Release|Any CPU
		{140DF51B-D57A-4C94-87C5-B6509B97482E}.Release|x64.Build.0 = Release|Any CPU
		{140DF51B-D57A-4C94-87C5-B6509B97482E}.Release|x86.ActiveCfg = Release|Any CPU
		{140DF51B-D57A-4C94-87C5-B6509B97482E}.Release|x86.Build.0 = Release|Any CPU
	EndGlobalSection
	GlobalSection(SolutionProperties) = preSolution
		HideSolutionNode = FALSE
	EndGlobalSection
	GlobalSection(ExtensibilityGlobals) = postSolution
		SolutionGuid = {F91369D1-A6B8-4F7D-A7ED-BD27802BFD37}
	EndGlobalSection
EndGlobal
